
Microsoft Visual Studio Solution File, Format Version 12.00
# Visual Studio 15
Project("{FAE04EC0-301F-11D3-BF4B-00C04F79EFBC}") = "Assembly-CSharp", "Assembly-CSharp.csproj", "{8F1BB889-DE37-5F78-53B8-9E2BFE4F614B}"
EndProject
Project("{FAE04EC0-301F-11D3-BF4B-00C04F79EFBC}") = "Assembly-CSharp-Editor", "Assembly-CSharp-Editor.csproj", "{26D29810-E0DC-1622-63A7-63C802B61FEE}"
EndProject
Global
	GlobalSection(SolutionConfigurationPlatforms) = preSolution
		Debug|Any CPU = Debug|Any CPU
		Release|Any CPU = Release|Any CPU
	EndGlobalSection
	GlobalSection(ProjectConfigurationPlatforms) = postSolution
		{8F1BB889-DE37-5F78-53B8-9E2BFE4F614B}.Debug|Any CPU.ActiveCfg = Debug|Any CPU
		{8F1BB889-DE37-5F78-53B8-9E2BFE4F614B}.Debug|Any CPU.Build.0 = Debug|Any CPU
		{8F1BB889-DE37-5F78-53B8-9E2BFE4F614B}.Release|Any CPU.ActiveCfg = Release|Any CPU
		{8F1BB889-DE37-5F78-53B8-9E2BFE4F614B}.Release|Any CPU.Build.0 = Release|Any CPU
		{26D29810-E0DC-1622-63A7-63C802B61FEE}.Debug|Any CPU.ActiveCfg = Debug|Any CPU
		{26D29810-E0DC-1622-63A7-63C802B61FEE}.Debug|Any CPU.Build.0 = Debug|Any CPU
		{26D29810-E0DC-1622-63A7-63C802B61FEE}.Release|Any CPU.ActiveCfg = Release|Any CPU
		{26D29810-E0DC-1622-63A7-63C802B61FEE}.Release|Any CPU.Build.0 = Release|Any CPU
	EndGlobalSection
	GlobalSection(SolutionProperties) = preSolution
		HideSolutionNode = FALSE
	EndGlobalSection
EndGlobal
